
Microsoft Visual Studio Solution File, Format Version 12.00
# Visual Studio Version 16
VisualStudioVersion = 16.0.31702.278
MinimumVisualStudioVersion = 10.0.40219.1
Project("{9A19103F-16F7-4668-BE54-9A1E7A4F7556}") = "SqlFramework", "SqlFramework\SqlFramework.csproj", "{022FFC59-9306-4B7C-B6B9-BE6C0423DA76}"
EndProject
Global
	GlobalSection(SolutionConfigurationPlatforms) = preSolution
		Debug|Any CPU = Debug|Any CPU
		Release|Any CPU = Release|Any CPU
	EndGlobalSection
	GlobalSection(ProjectConfigurationPlatforms) = postSolution
		{022FFC59-9306-4B7C-B6B9-BE6C0423DA76}.Debug|Any CPU.ActiveCfg = Debug|Any CPU
		{022FFC59-9306-4B7C-B6B9-BE6C0423DA76}.Debug|Any CPU.Build.0 = Debug|Any CPU
		{022FFC59-9306-4B7C-B6B9-BE6C0423DA76}.Release|Any CPU.ActiveCfg = Release|Any CPU
		{022FFC59-9306-4B7C-B6B9-BE6C0423DA76}.Release|Any CPU.Build.0 = Release|Any CPU
	EndGlobalSection
	GlobalSection(SolutionProperties) = preSolution
		HideSolutionNode = FALSE
	EndGlobalSection
	GlobalSection(ExtensibilityGlobals) = postSolution
		SolutionGuid = {14B70408-86C8-4146-9083-5CFCA61234BB}
	EndGlobalSection
EndGlobal
